
Microsoft Visual Studio Solution File, Format Version 12.00
# Visual Studio 15
VisualStudioVersion = 15.0.27703.2035
MinimumVisualStudioVersion = 10.0.40219.1
Project("{8BC9CEB8-8B4A-11D0-8D11-00A0C91BC942}") = "SDRLibEConnectorSim", "SDRLibEConnectorSim.vcxproj", "{1EAD1F9F-9CBD-48B9-8983-183DC1580854}"
EndProject
Global
	GlobalSection(SolutionConfigurationPlatforms) = preSolution
		Debug|x64 = Debug|x64
		Debug|x86 = Debug|x86
		Release|x64 = Release|x64
		Release|x86 = Release|x86
	EndGlobalSection
	GlobalSection(ProjectConfigurationPlatforms) = postSolution
		{1EAD1F9F-9CBD-48B9-8983-183DC1580854}.Debug|x64.ActiveCfg = Debug|x64
		{1EAD1F9F-9CBD-48B9-8983-183DC1580854}.Debug|x64.Build.0 = Debug|x64
		{1EAD1F9F-9CBD-48B9-8983-183DC1580854}.Debug|x86.ActiveCfg = Debug|Win32
		{1EAD1F9F-9CBD-48B9-8983-183DC1580854}.Debug|x86.Build.0 = Debug|Win32
		{1EAD1F9F-9CBD-48B9-8983-183DC1580854}.Release|x64.ActiveCfg = Release|x64
		{1EAD1F9F-9CBD-48B9-8983-183DC1580854}.Release|x64.Build.0 = Release|x64
		{1EAD1F9F-9CBD-48B9-8983-183DC1580854}.Release|x86.ActiveCfg = Release|Win32
		{1EAD1F9F-9CBD-48B9-8983-183DC1580854}.Release|x86.Build.0 = Release|Win32
	EndGlobalSection
	GlobalSection(SolutionProperties) = preSolution
		HideSolutionNode = FALSE
	EndGlobalSection
	GlobalSection(ExtensibilityGlobals) = postSolution
		SolutionGuid = {310E03B7-10E3-4EC0-8615-4F013A067CCC}
	EndGlobalSection
EndGlobal
